
Microsoft Visual Studio Solution File, Format Version 12.00
# Visual Studio Version 16
VisualStudioVersion = 16.0.29905.134
MinimumVisualStudioVersion = 10.0.40219.1
Project("{9A19103F-16F7-4668-BE54-9A1E7A4F7556}") = "GeistDesWaldes", "GeistDesWaldes.csproj", "{7826F4C6-58CC-4B08-A3F9-C5B671A3386A}"
EndProject
Global
	GlobalSection(SolutionConfigurationPlatforms) = preSolution
		Debug|Any CPU = Debug|Any CPU
		Release|Any CPU = Release|Any CPU
	EndGlobalSection
	GlobalSection(ProjectConfigurationPlatforms) = postSolution
		{7826F4C6-58CC-4B08-A3F9-C5B671A3386A}.Debug|Any CPU.ActiveCfg = Debug|Any CPU
		{7826F4C6-58CC-4B08-A3F9-C5B671A3386A}.Debug|Any CPU.Build.0 = Debug|Any CPU
		{7826F4C6-58CC-4B08-A3F9-C5B671A3386A}.Release|Any CPU.ActiveCfg = Release|Any CPU
		{7826F4C6-58CC-4B08-A3F9-C5B671A3386A}.Release|Any CPU.Build.0 = Release|Any CPU
	EndGlobalSection
	GlobalSection(SolutionProperties) = preSolution
		HideSolutionNode = FALSE
	EndGlobalSection
	GlobalSection(ExtensibilityGlobals) = postSolution
		SolutionGuid = {61EA6ADE-5098-48B0-81B0-7E33A79E62D1}
	EndGlobalSection
EndGlobal
